
Microsoft Visual Studio Solution File, Format Version 12.00
# Visual Studio Version 16
VisualStudioVersion = 16.0.30503.244
MinimumVisualStudioVersion = 10.0.40219.1
Project("{FAE04EC0-301F-11D3-BF4B-00C04F79EFBC}") = "FunzioneCheConverteNumeri", "FunzioneCheConverteNumeri\FunzioneCheConverteNumeri.csproj", "{104FCFAC-5D76-441E-ABFC-CA92D7D857D2}"
EndProject
Global
	GlobalSection(SolutionConfigurationPlatforms) = preSolution
		Debug|Any CPU = Debug|Any CPU
		Release|Any CPU = Release|Any CPU
	EndGlobalSection
	GlobalSection(ProjectConfigurationPlatforms) = postSolution
		{104FCFAC-5D76-441E-ABFC-CA92D7D857D2}.Debug|Any CPU.ActiveCfg = Debug|Any CPU
		{104FCFAC-5D76-441E-ABFC-CA92D7D857D2}.Debug|Any CPU.Build.0 = Debug|Any CPU
		{104FCFAC-5D76-441E-ABFC-CA92D7D857D2}.Release|Any CPU.ActiveCfg = Release|Any CPU
		{104FCFAC-5D76-441E-ABFC-CA92D7D857D2}.Release|Any CPU.Build.0 = Release|Any CPU
	EndGlobalSection
	GlobalSection(SolutionProperties) = preSolution
		HideSolutionNode = FALSE
	EndGlobalSection
	GlobalSection(ExtensibilityGlobals) = postSolution
		SolutionGuid = {48ED4714-39B6-4A5E-BB4E-C55A85458402}
	EndGlobalSection
EndGlobal
